# This file is automatically @generated by Cargo.
# It is not intended for manual editing.
version = 3

[[package]]
name = "cudarc"
version = "0.9.14"
source = "registry+https://github.com/rust-lang/crates.io-index"
checksum = "dc4cab390f4a32340211f015292a4551742a63e528e9ade9e0bde0d1a989d2a1"

[[package]]
name = "gpu_mm"
version = "0.1.0"
dependencies = [
 "cudarc",
]
